{
  "name": "ai-multi-chat",
  "version": "0.1.0",
  "lockfileVersion": 3,
  "requires": true,
  "packages": {
    "": {
      "name": "ai-multi-chat",
      "version": "0.1.0",
      "devDependencies": {
        "@tauri-apps/api": "^2.12.1",
        "@tauri-apps/cli": "^2.0.0",
        "@tauri-apps/plugin-dialog": "^2.8.1",
        "@tauri-apps/plugin-fs": "^2.6.0",
        "@tauri-apps/plugin-http": "^2.8.0",
        "mammoth": "^1.13.0",
        "pdfjs-dist": "^6.3.289",
        "playwright-core": "^1.63.0"
      }
    },
    "node_modules/@napi-rs/canvas": {
      "version": "1.0.10",
      "resolved": "https://registry.npmjs.org/@napi-rs/canvas/-/canvas-1.0.10.tgz",
      "integrity": "sha512-V+qptzsGnPMFxEbhwc6eDNMe5eDrfiBIp8qGpuRjAVIX4Kn2zxvwQ1Xco6Fwe+3tYIe3iLW8LM9D+SvjyJhqbQ==",
      "dev": true,
      "license": "MIT",
      "optional": true,
      "workspaces": [
        "e2e/*"
      ],
      "engines": {
        "node": ">= 10"
      },
      "funding": {
        "type": "github",
        "url": "https://github.com/sponsors/Brooooooklyn"
      },
      "optionalDependencies": {
        "@napi-rs/canvas-android-arm64": "1.0.10",
        "@napi-rs/canvas-darwin-arm64": "1.0.10",
        "@napi-rs/canvas-darwin-x64": "1.0.10",
        "@napi-rs/canvas-linux-arm-gnueabihf": "1.0.10",
        "@napi-rs/canvas-linux-arm64-gnu": "1.0.10",
        "@napi-rs/canvas-linux-arm64-musl": "1.0.10",
        "@napi-rs/canvas-linux-riscv64-gnu": "1.0.10",
        "@napi-rs/canvas-linux-x64-gnu": "1.0.10",
        "@napi-rs/canvas-linux-x64-musl": "1.0.10",
        "@napi-rs/canvas-win32-arm64-msvc": "1.0.10",
        "@napi-rs/canvas-win32-x64-msvc": "1.0.10"
      }
    },
    "node_modules/@napi-rs/canvas-android-arm64": {
      "version": "1.0.10",
      "resolved": "https://registry.npmjs.org/@napi-rs/canvas-android-arm64/-/canvas-android-arm64-1.0.10.tgz",
      "integrity": "sha512-0sDMvme+7fj6bHERUaBs5SvEyWaORc91VUkaB4RrtG7p6dBrBNGy1of8cyEKDxygd1FlHtW+Thunj8lSixzY7A==",
      "cpu": [
        "arm64"
      ],
      "dev": true,
      "license": "MIT",
      "optional": true,
      "os": [
        "android"
      ],
      "engines": {
        "node": ">= 10"
      },
      "funding": {
        "type": "github",
        "url": "https://github.com/sponsors/Brooooooklyn"
      }
    },
    "node_modules/@napi-rs/canvas-darwin-arm64": {
      "version": "1.0.10",
      "resolved": "https://registry.npmjs.org/@napi-rs/canvas-darwin-arm64/-/canvas-darwin-arm64-1.0.10.tgz",
      "integrity": "sha512-pdHL1TEfFMrnchRYqmPWXKN7hR4XtOYmzJqnh4XhpfWD4/eeSokOGVzrdFP/iQ3sfr2rf0939gOGq9uCp8BGmg==",
      "cpu": [
        "arm64"
      ],
      "dev": true,
      "license": "MIT",
      "optional": true,
      "os": [
        "darwin"
      ],
      "engines": {
        "node": ">= 10"
      },
      "funding": {
        "type": "github",
        "url": "https://github.com/sponsors/Brooooooklyn"
      }
    },
    "node_modules/@napi-rs/canvas-darwin-x64": {
      "version": "1.0.10",
      "resolved": "https://registry.npmjs.org/@napi-rs/canvas-darwin-x64/-/canvas-darwin-x64-1.0.10.tgz",
      "integrity": "sha512-iuuk5plGxAcxurxv2ycF2yR20y5zvaBZ4heQdhPpg3EMFD21PhlY1V+YwSRmYRWzbvKL474UYdw3WIg2qfafyw==",
      "cpu": [
        "x64"
      ],
      "dev": true,
      "license": "MIT",
      "optional": true,
      "os": [
        "darwin"
      ],
      "engines": {
        "node": ">= 10"
      },
      "funding": {
        "type": "github",
        "url": "https://github.com/sponsors/Brooooooklyn"
      }
    },
    "node_modules/@napi-rs/canvas-linux-arm-gnueabihf": {
      "version": "1.0.10",
      "resolved": "https://registry.npmjs.org/@napi-rs/canvas-linux-arm-gnueabihf/-/canvas-linux-arm-gnueabihf-1.0.10.tgz",
      "integrity": "sha512-kH7GFR5Unpm77pKSEsmkqvzeQCRD7/MQ7upmeLLjg4XpQ62dX/R6THFsp6vkF1Pkco2aKUq9KhoLM4W5twdk7g==",
      "cpu": [
        "arm"
      ],
      "dev": true,
      "license": "MIT",
      "optional": true,
      "os": [
        "linux"
      ],
      "engines": {
        "node": ">= 10"
      },
      "funding": {
        "type": "github",
        "url": "https://github.com/sponsors/Brooooooklyn"
      }
    },
    "node_modules/@napi-rs/canvas-linux-arm64-gnu": {
      "version": "1.0.10",
      "resolved": "https://registry.npmjs.org/@napi-rs/canvas-linux-arm64-gnu/-/canvas-linux-arm64-gnu-1.0.10.tgz",
      "integrity": "sha512-0/Hj7IwM9pmzdwxiqkp4YLJ8dKqASBrWQ3Y7dWUSU/4dgvCL9O6YNvX7xVUJjonQvdD3IE9ESS/nXa5srQqoVw==",
      "cpu": [
        "arm64"
      ],
      "dev": true,
      "libc": [
        "glibc"
      ],
      "license": "MIT",
      "optional": true,
      "os": [
        "linux"
      ],
      "engines": {
        "node": ">= 10"
      },
      "funding": {
        "type": "github",
        "url": "https://github.com/sponsors/Brooooooklyn"
      }
    },
    "node_modules/@napi-rs/canvas-linux-arm64-musl": {
      "version": "1.0.10",
      "resolved": "https://registry.npmjs.org/@napi-rs/canvas-linux-arm64-musl/-/canvas-linux-arm64-musl-1.0.10.tgz",
      "integrity": "sha512-fmjKM0P2MLF9O6XzCQsRjhB+jlLzaf6tFQU36hMPMsYup+VThYvpjjhqNLOc/Ee3tHUE3r13H2BSJx/yXz4pFA==",
      "cpu": [
        "arm64"
      ],
      "dev": true,
      "libc": [
        "musl"
      ],
      "license": "MIT",
      "optional": true,
      "os": [
        "linux"
      ],
      "engines": {
        "node": ">= 10"
      },
      "funding": {
        "type": "github",
        "url": "https://github.com/sponsors/Brooooooklyn"
      }
    },
    "node_modules/@napi-rs/canvas-linux-riscv64-gnu": {
      "version": "1.0.10",
      "resolved": "https://registry.npmjs.org/@napi-rs/canvas-linux-riscv64-gnu/-/canvas-linux-riscv64-gnu-1.0.10.tgz",
      "integrity": "sha512-O/BUrGwrs3pVP9PpD/3++ZiOpjHMJlmiB7aBgswP8rbe4egPfiFkFxmcCczoLvZa72TaQX5lJ8Udedb6rc/Hvg==",
      "cpu": [
        "riscv64"
      ],
      "dev": true,
      "libc": [
        "glibc"
      ],
      "license": "MIT",
      "optional": true,
      "os": [
        "linux"
      ],
      "engines": {
        "node": ">= 10"
      },
      "funding": {
        "type": "github",
        "url": "https://github.com/sponsors/Brooooooklyn"
      }
    },
    "node_modules/@napi-rs/canvas-linux-x64-gnu": {
      "version": "1.0.10",
      "resolved": "https://registry.npmjs.org/@napi-rs/canvas-linux-x64-gnu/-/canvas-linux-x64-gnu-1.0.10.tgz",
      "integrity": "sha512-48HkZPQeAN/R+9NPpY64tceoyCUW5xYYtHKZnC+BG11qiihXJCbH+xfbgGU+OdYp1Q4s84HDl9ILU0KBK6SBOQ==",
      "cpu": [
        "x64"
      ],
      "dev": true,
      "libc": [
        "glibc"
      ],
      "license": "MIT",
      "optional": true,
      "os": [
        "linux"
      ],
      "engines": {
        "node": ">= 10"
      },
      "funding": {
        "type": "github",
        "url": "https://github.com/sponsors/Brooooooklyn"
      }
    },
    "node_modules/@napi-rs/canvas-linux-x64-musl": {
      "version": "1.0.10",
      "resolved": "https://registry.npmjs.org/@napi-rs/canvas-linux-x64-musl/-/canvas-linux-x64-musl-1.0.10.tgz",
      "integrity": "sha512-QYHVi7WZ9v+Wm9OQyHLMTnJ8QiBPVX94BgbCHFJC/4bCFMfvX7fRzo4FJPgkRP0ISz3ulYNow/FCbQOPjzhYjg==",
      "cpu": [
        "x64"
      ],
      "dev": true,
      "libc": [
        "musl"
      ],
      "license": "MIT",
      "optional": true,
      "os": [
        "linux"
      ],
      "engines": {
        "node": ">= 10"
      },
      "funding": {
        "type": "github",
        "url": "https://github.com/sponsors/Brooooooklyn"
      }
    },
    "node_modules/@napi-rs/canvas-win32-arm64-msvc": {
      "version": "1.0.10",
      "resolved": "https://registry.npmjs.org/@napi-rs/canvas-win32-arm64-msvc/-/canvas-win32-arm64-msvc-1.0.10.tgz",
      "integrity": "sha512-bWK+YajM/8sL0mMgLtug2s063FVBPzFV4QAn987CQomMKlmzrBY6Trz43KY+24hq7IOa3qNhUAgP/XMEF50ZEQ==",
      "cpu": [
        "arm64"
      ],
      "dev": true,
      "license": "MIT",
      "optional": true,
      "os": [
        "win32"
      ],
      "engines": {
        "node": ">= 10"
      },
      "funding": {
        "type": "github",
        "url": "https://github.com/sponsors/Brooooooklyn"
      }
    },
    "node_modules/@napi-rs/canvas-win32-x64-msvc": {
      "version": "1.0.10",
      "resolved": "https://registry.npmjs.org/@napi-rs/canvas-win32-x64-msvc/-/canvas-win32-x64-msvc-1.0.10.tgz",
      "integrity": "sha512-9WtzW85PaIhtB27iXaR/9RrLCqHLbqD3Z8Q+kh17NjFxwQXFXU5vWbYH4vEH+drM307TTyK3hidZgpt09G5T3g==",
      "cpu": [
        "x64"
      ],
      "dev": true,
      "license": "MIT",
      "optional": true,
      "os": [
        "win32"
      ],
      "engines": {
        "node": ">= 10"
      },
      "funding": {
        "type": "github",
        "url": "https://github.com/sponsors/Brooooooklyn"
      }
    },
    "node_modules/@tauri-apps/api": {
      "version": "2.12.1",
      "resolved": "https://registry.npmjs.org/@tauri-apps/api/-/api-2.12.1.tgz",
      "integrity": "sha512-DeyFHa3wynpyoqTDikDEDGTJIq4LQ5USfolQGRmGIWT6JMADyxZBTDa5cAdT3tDg73rUXufPaCwN7aXBos4OnQ==",
      "dev": true,
      "license": "Apache-2.0 OR MIT",
      "funding": {
        "type": "opencollective",
        "url": "https://opencollective.com/tauri"
      }
    },
    "node_modules/@tauri-apps/cli": {
      "version": "2.12.1",
      "resolved": "https://registry.npmjs.org/@tauri-apps/cli/-/cli-2.12.1.tgz",
      "integrity": "sha512-kEDEiGzG+yAc5FeLxtXpES/VN+F2C8H0r4gDVtfRLKxT9np9101d9REG/Kgo2lr0hKi0IpDsODiHnU3+naOmLg==",
      "dev": true,
      "license": "Apache-2.0 OR MIT",
      "bin": {
        "tauri": "tauri.js"
      },
      "engines": {
        "node": ">= 10"
      },
      "funding": {
        "type": "opencollective",
        "url": "https://opencollective.com/tauri"
      },
      "optionalDependencies": {
        "@tauri-apps/cli-darwin-arm64": "2.12.1",
        "@tauri-apps/cli-darwin-x64": "2.12.1",
        "@tauri-apps/cli-linux-arm-gnueabihf": "2.12.1",
        "@tauri-apps/cli-linux-arm64-gnu": "2.12.1",
        "@tauri-apps/cli-linux-arm64-musl": "2.12.1",
        "@tauri-apps/cli-linux-riscv64-gnu": "2.12.1",
        "@tauri-apps/cli-linux-x64-gnu": "2.12.1",
        "@tauri-apps/cli-linux-x64-musl": "2.12.1",
        "@tauri-apps/cli-win32-arm64-msvc": "2.12.1",
        "@tauri-apps/cli-win32-ia32-msvc": "2.12.1",
        "@tauri-apps/cli-win32-x64-msvc": "2.12.1"
      }
    },
    "node_modules/@tauri-apps/cli-darwin-arm64": {
      "version": "2.12.1",
      "resolved": "https://registry.npmjs.org/@tauri-apps/cli-darwin-arm64/-/cli-darwin-arm64-2.12.1.tgz",
      "integrity": "sha512-8bMnbpJ2jKO/ufrOPL65EMHC3ptw7fzeraoQkwibyfGLqIl+UCWsC0152kmNbW6r9NvVQduXqAZF5mH1QgTWhw==",
      "cpu": [
        "arm64"
      ],
      "dev": true,
      "license": "Apache-2.0 OR MIT",
      "optional": true,
      "os": [
        "darwin"
      ],
      "engines": {
        "node": ">= 10"
      }
    },
    "node_modules/@tauri-apps/cli-darwin-x64": {
      "version": "2.12.1",
      "resolved": "https://registry.npmjs.org/@tauri-apps/cli-darwin-x64/-/cli-darwin-x64-2.12.1.tgz",
      "integrity": "sha512-G+2qte8GNqNlEZ9ftd21rbu/APVkl3r/nzNDI7LVxEoqJWVNe9GbEgQUMH1r4PHT20Z2UxR3KjCkltIb0e/Wjg==",
      "cpu": [
        "x64"
      ],
      "dev": true,
      "license": "Apache-2.0 OR MIT",
      "optional": true,
      "os": [
        "darwin"
      ],
      "engines": {
        "node": ">= 10"
      }
    },
    "node_modules/@tauri-apps/cli-linux-arm-gnueabihf": {
      "version": "2.12.1",
      "resolved": "https://registry.npmjs.org/@tauri-apps/cli-linux-arm-gnueabihf/-/cli-linux-arm-gnueabihf-2.12.1.tgz",
      "integrity": "sha512-5b3n4DaTW+A1Zntnh4Yn44VyLrlPEpB8kMOBRfWkzNnzolBk+AYhKIfKjCLmoC8Mob3ETodxAEOMkE2YPKEWzQ==",
      "cpu": [
        "arm"
      ],
      "dev": true,
      "license": "Apache-2.0 OR MIT",
      "optional": true,
      "os": [
        "linux"
      ],
      "engines": {
        "node": ">= 10"
      }
    },
    "node_modules/@tauri-apps/cli-linux-arm64-gnu": {
      "version": "2.12.1",
      "resolved": "https://registry.npmjs.org/@tauri-apps/cli-linux-arm64-gnu/-/cli-linux-arm64-gnu-2.12.1.tgz",
      "integrity": "sha512-APArHhDu+8pXSCkCQmvaz1nD3d8WTmlCoSS/oG475TJ6AATBvyQOAmf5qELgsQ4s2+8MOsop0Zd699RKELF1Cw==",
      "cpu": [
        "arm64"
      ],
      "dev": true,
      "libc": [
        "glibc"
      ],
      "license": "Apache-2.0 OR MIT",
      "optional": true,
      "os": [
        "linux"
      ],
      "engines": {
        "node": ">= 10"
      }
    },
    "node_modules/@tauri-apps/cli-linux-arm64-musl": {
      "version": "2.12.1",
      "resolved": "https://registry.npmjs.org/@tauri-apps/cli-linux-arm64-musl/-/cli-linux-arm64-musl-2.12.1.tgz",
      "integrity": "sha512-JaCxcLoV0oGtllVkLr4UAHWG/wTfkEunnUqnsEsGYOp0VRxnUwHg63wFBD0jU2ul5eFfSLIDS4RF2gfzsSo5Jg==",
      "cpu": [
        "arm64"
      ],
      "dev": true,
      "libc": [
        "musl"
      ],
      "license": "Apache-2.0 OR MIT",
      "optional": true,
      "os": [
        "linux"
      ],
      "engines": {
        "node": ">= 10"
      }
    },
    "node_modules/@tauri-apps/cli-linux-riscv64-gnu": {
      "version": "2.12.1",
      "resolved": "https://registry.npmjs.org/@tauri-apps/cli-linux-riscv64-gnu/-/cli-linux-riscv64-gnu-2.12.1.tgz",
      "integrity": "sha512-K5+VXM7+SGVDwZleA2+lMgvbTVuA5e1tkiVEawu1Yxj26ZyEfO8h8xTC1rBdRX2xgJDSwCk6vPUBCS6i+Z5slQ==",
      "cpu": [
        "riscv64"
      ],
      "dev": true,
      "libc": [
        "glibc"
      ],
      "license": "Apache-2.0 OR MIT",
      "optional": true,
      "os": [
        "linux"
      ],
      "engines": {
        "node": ">= 10"
      }
    },
    "node_modules/@tauri-apps/cli-linux-x64-gnu": {
      "version": "2.12.1",
      "resolved": "https://registry.npmjs.org/@tauri-apps/cli-linux-x64-gnu/-/cli-linux-x64-gnu-2.12.1.tgz",
      "integrity": "sha512-Z1QGPr49HJZMktu+Spu6Q1b/f9ANadXvqZZZt2645ua1x1ev6prOgp85eiGv2jRzohFEMLo6aJyaLjLUX5KIvA==",
      "cpu": [
        "x64"
      ],
      "dev": true,
      "libc": [
        "glibc"
      ],
      "license": "Apache-2.0 OR MIT",
      "optional": true,
      "os": [
        "linux"
      ],
      "engines": {
        "node": ">= 10"
      }
    },
    "node_modules/@tauri-apps/cli-linux-x64-musl": {
      "version": "2.12.1",
      "resolved": "https://registry.npmjs.org/@tauri-apps/cli-linux-x64-musl/-/cli-linux-x64-musl-2.12.1.tgz",
      "integrity": "sha512-nHuEhRPOMSJ/8RRhtMRxB9B9lVr7xxpe4DapBz8x1GIau3vdzjHHJ1hAfmw+PyayPLZ6XoaVIHPgI17rX6ii8w==",
      "cpu": [
        "x64"
      ],
      "dev": true,
      "libc": [
        "musl"
      ],
      "license": "Apache-2.0 OR MIT",
      "optional": true,
      "os": [
        "linux"
      ],
      "engines": {
        "node": ">= 10"
      }
    },
    "node_modules/@tauri-apps/cli-win32-arm64-msvc": {
      "version": "2.12.1",
      "resolved": "https://registry.npmjs.org/@tauri-apps/cli-win32-arm64-msvc/-/cli-win32-arm64-msvc-2.12.1.tgz",
      "integrity": "sha512-I0oPk2uGh86R8dAs2X5OxSP+/GqSc8jh1Px3l8EqrocSNivsRHDTh2k3PVOqdv163dlV6PIVvmhZAbH/lPfZrA==",
      "cpu": [
        "arm64"
      ],
      "dev": true,
      "license": "Apache-2.0 OR MIT",
      "optional": true,
      "os": [
        "win32"
      ],
      "engines": {
        "node": ">= 10"
      }
    },
    "node_modules/@tauri-apps/cli-win32-ia32-msvc": {
      "version": "2.12.1",
      "resolved": "https://registry.npmjs.org/@tauri-apps/cli-win32-ia32-msvc/-/cli-win32-ia32-msvc-2.12.1.tgz",
      "integrity": "sha512-baNZRBfepAJ5qNFRMwzgBk94xQmkcmTZrNDjZjnzrq2vAaTC3NAhallb/zo3hyoCGQlMS13sdovktrg46NZz6Q==",
      "cpu": [
        "ia32"
      ],
      "dev": true,
      "license": "Apache-2.0 OR MIT",
      "optional": true,
      "os": [
        "win32"
      ],
      "engines": {
        "node": ">= 10"
      }
    },
    "node_modules/@tauri-apps/cli-win32-x64-msvc": {
      "version": "2.12.1",
      "resolved": "https://registry.npmjs.org/@tauri-apps/cli-win32-x64-msvc/-/cli-win32-x64-msvc-2.12.1.tgz",
      "integrity": "sha512-dIFaKslrzcbesb+bBh+E1R9km241pHyj32w6D9FPtvQeYpRUFbiCLEa/2S+S0UnIytfxepp4P+X8IerGqnXeYg==",
      "cpu": [
        "x64"
      ],
      "dev": true,
      "license": "Apache-2.0 OR MIT",
      "optional": true,
      "os": [
        "win32"
      ],
      "engines": {
        "node": ">= 10"
      }
    },
    "node_modules/@tauri-apps/plugin-dialog": {
      "version": "2.8.1",
      "resolved": "https://registry.npmjs.org/@tauri-apps/plugin-dialog/-/plugin-dialog-2.8.1.tgz",
      "integrity": "sha512-/DtE3B62JgpYuWFL5ATXM6KOXUq7pca7cJWOgSqULhZsgyjLk0PWKek1dbRDvhNBW6flNsOfWphsKnb+738Dmw==",
      "dev": true,
      "license": "MIT OR Apache-2.0",
      "dependencies": {
        "@tauri-apps/api": "^2.12.0"
      }
    },
    "node_modules/@tauri-apps/plugin-fs": {
      "version": "2.6.0",
      "resolved": "https://registry.npmjs.org/@tauri-apps/plugin-fs/-/plugin-fs-2.6.0.tgz",
      "integrity": "sha512-MhBAZ4rryd+h9fijd/GWDfArqiAeGI0ZNduV4wuRyUVI6wDZ+oDBY7atqtoXKDwlTUVSvpvmWJAY0ehQd/v6Uw==",
      "dev": true,
      "license": "MIT OR Apache-2.0",
      "dependencies": {
        "@tauri-apps/api": "^2.12.0"
      }
    },
    "node_modules/@tauri-apps/plugin-http": {
      "version": "2.8.0",
      "resolved": "https://registry.npmjs.org/@tauri-apps/plugin-http/-/plugin-http-2.8.0.tgz",
      "integrity": "sha512-cPvZvfUSaBkqGxef/dgbh/iEl6T3jQfSJyypi9OdcWr1VcuTt4ZRlk9DLAHEHF2q2NML+0UOkjyXRPNo6Cky6g==",
      "dev": true,
      "license": "MIT OR Apache-2.0",
      "dependencies": {
        "@tauri-apps/api": "^2.12.0"
      }
    },
    "node_modules/@xmldom/xmldom": {
      "version": "0.8.15",
      "resolved": "https://registry.npmjs.org/@xmldom/xmldom/-/xmldom-0.8.15.tgz",
      "integrity": "sha512-/5NV/vDALVFDXgLmfsy9TRCBlKwO2LNBFzpzvb9iIj+jR+eSc6DLYYvVOdivT/jm7MtU6TebYuRmzEOI7w40UA==",
      "dev": true,
      "license": "MIT",
      "engines": {
        "node": ">=10.0.0"
      }
    },
    "node_modules/argparse": {
      "version": "1.0.10",
      "resolved": "https://registry.npmjs.org/argparse/-/argparse-1.0.10.tgz",
      "integrity": "sha512-o5Roy6tNG4SL/FOkCAN6RzjiakZS25RLYFrcMttJqbdd8BWrnA+fGz57iN5Pb06pvBGvl5gQ0B48dJlslXvoTg==",
      "dev": true,
      "license": "MIT",
      "dependencies": {
        "sprintf-js": "~1.0.2"
      }
    },
    "node_modules/base64-js": {
      "version": "1.5.1",
      "resolved": "https://registry.npmjs.org/base64-js/-/base64-js-1.5.1.tgz",
      "integrity": "sha512-AKpaYlHn8t4SVbOHCy+b5+KKgvR4vrsD8vbvrbiQJps7fKDTkjkDry6ji0rUJjC0kzbNePLwzxq8iypo41qeWA==",
      "dev": true,
      "funding": [
        {
          "type": "github",
          "url": "https://github.com/sponsors/feross"
        },
        {
          "type": "patreon",
          "url": "https://www.patreon.com/feross"
        },
        {
          "type": "consulting",
          "url": "https://feross.org/support"
        }
      ],
      "license": "MIT"
    },
    "node_modules/core-util-is": {
      "version": "1.0.3",
      "resolved": "https://registry.npmjs.org/core-util-is/-/core-util-is-1.0.3.tgz",
      "integrity": "sha512-ZQBvi1DcpJ4GDqanjucZ2Hj3wEO5pZDS89BWbkcrvdxksJorwUDDZamX9ldFkp9aw2lmBDLgkObEA4DWNJ9FYQ==",
      "dev": true,
      "license": "MIT"
    },
    "node_modules/dingbat-to-unicode": {
      "version": "1.0.2",
      "resolved": "https://registry.npmjs.org/dingbat-to-unicode/-/dingbat-to-unicode-1.0.2.tgz",
      "integrity": "sha512-R0bRerYzy/EZP6QzD3Hkl6JjUDA1Mnn+pd928w0nWjPzihnbAR6dcjGJGiRyznj5E4S1duEKzWrTqw02DPcdzg==",
      "dev": true,
      "license": "BSD-2-Clause"
    },
    "node_modules/duck": {
      "version": "0.1.12",
      "resolved": "https://registry.npmjs.org/duck/-/duck-0.1.12.tgz",
      "integrity": "sha512-wkctla1O6VfP89gQ+J/yDesM0S7B7XLXjKGzXxMDVFg7uEn706niAtyYovKbyq1oT9YwDcly721/iUWoc8MVRg==",
      "dev": true,
      "license": "BSD",
      "dependencies": {
        "underscore": "^1.13.1"
      }
    },
    "node_modules/immediate": {
      "version": "3.0.6",
      "resolved": "https://registry.npmjs.org/immediate/-/immediate-3.0.6.tgz",
      "integrity": "sha512-XXOFtyqDjNDAQxVfYxuF7g9Il/IbWmmlQg2MYKOH8ExIT1qg6xc4zyS3HaEEATgs1btfzxq15ciUiY7gjSXRGQ==",
      "dev": true,
      "license": "MIT"
    },
    "node_modules/inherits": {
      "version": "2.0.4",
      "resolved": "https://registry.npmjs.org/inherits/-/inherits-2.0.4.tgz",
      "integrity": "sha512-k/vGaX4/Yla3WzyMCvTQOXYeIHvqOKtnqBduzTHpzpQZzAskKMhZ2K+EnBiSM9zGSoIFeMpXKxa4dYeZIQqewQ==",
      "dev": true,
      "license": "ISC"
    },
    "node_modules/isarray": {
      "version": "1.0.0",
      "resolved": "https://registry.npmjs.org/isarray/-/isarray-1.0.0.tgz",
      "integrity": "sha512-VLghIWNM6ELQzo7zwmcg0NmTVyWKYjvIeM83yjp0wRDTmUnrM678fQbcKBo6n2CJEF0szoG//ytg+TKla89ALQ==",
      "dev": true,
      "license": "MIT"
    },
    "node_modules/jszip": {
      "version": "3.10.2",
      "resolved": "https://registry.npmjs.org/jszip/-/jszip-3.10.2.tgz",
      "integrity": "sha512-3l+rb15IOWtUhU0H5MFqES/T6Kh7abYwjosBey/vD6hDt8zoEffkSC5Ws5SGtgVw3gBx2NEbhTeSW1+kWkpyTQ==",
      "dev": true,
      "license": "(MIT OR GPL-3.0-or-later)",
      "dependencies": {
        "lie": "~3.3.0",
        "pako": "~1.0.2",
        "readable-stream": "~2.3.6",
        "setimmediate": "^1.0.5"
      }
    },
    "node_modules/lie": {
      "version": "3.3.0",
      "resolved": "https://registry.npmjs.org/lie/-/lie-3.3.0.tgz",
      "integrity": "sha512-UaiMJzeWRlEujzAuw5LokY1L5ecNQYZKfmyZ9L7wDHb/p5etKaxXhohBcrw0EYby+G/NA52vRSN4N39dxHAIwQ==",
      "dev": true,
      "license": "MIT",
      "dependencies": {
        "immediate": "~3.0.5"
      }
    },
    "node_modules/lop": {
      "version": "0.4.2",
      "resolved": "https://registry.npmjs.org/lop/-/lop-0.4.2.tgz",
      "integrity": "sha512-RefILVDQ4DKoRZsJ4Pj22TxE3omDO47yFpkIBoDKzkqPRISs5U1cnAdg/5583YPkWPaLIYHOKRMQSvjFsO26cw==",
      "dev": true,
      "license": "BSD-2-Clause",
      "dependencies": {
        "duck": "^0.1.12",
        "option": "~0.2.1",
        "underscore": "^1.13.1"
      }
    },
    "node_modules/mammoth": {
      "version": "1.13.0",
      "resolved": "https://registry.npmjs.org/mammoth/-/mammoth-1.13.0.tgz",
      "integrity": "sha512-2cawcYFcP7ISfXbBcL9lmVgTNWo88v/52ND1gnywHtVT/pX0//puPnf0iMPV9ZgmuvNOE+zkIhDgZ9M2c2dDDg==",
      "dev": true,
      "license": "BSD-2-Clause",
      "dependencies": {
        "@xmldom/xmldom": "^0.8.6",
        "argparse": "~1.0.3",
        "base64-js": "^1.5.1",
        "dingbat-to-unicode": "^1.0.1",
        "jszip": "^3.7.1",
        "lop": "^0.4.2",
        "underscore": "^1.13.1",
        "xmlbuilder": "^10.0.0"
      },
      "bin": {
        "mammoth": "bin/mammoth"
      },
      "engines": {
        "node": ">=12.0.0"
      }
    },
    "node_modules/option": {
      "version": "0.2.4",
      "resolved": "https://registry.npmjs.org/option/-/option-0.2.4.tgz",
      "integrity": "sha512-pkEqbDyl8ou5cpq+VsnQbe/WlEy5qS7xPzMS1U55OCG9KPvwFD46zDbxQIj3egJSFc3D+XhYOPUzz49zQAVy7A==",
      "dev": true,
      "license": "BSD-2-Clause"
    },
    "node_modules/pako": {
      "version": "1.0.11",
      "resolved": "https://registry.npmjs.org/pako/-/pako-1.0.11.tgz",
      "integrity": "sha512-4hLB8Py4zZce5s4yd9XzopqwVv/yGNhV1Bl8NTmCq1763HeK2+EwVTv+leGeL13Dnh2wfbqowVPXCIO0z4taYw==",
      "dev": true,
      "license": "(MIT AND Zlib)"
    },
    "node_modules/pdfjs-dist": {
      "version": "6.3.289",
      "resolved": "https://registry.npmjs.org/pdfjs-dist/-/pdfjs-dist-6.3.289.tgz",
      "integrity": "sha512-ZHjSVpDa3D6izMq8/04lvkhkATUmL9px6ChPaXc1k6nU2Mrhlg1/7F0bdUqCwUjw3NsPTfPZsMDUU6ZIcRaeQw==",
      "dev": true,
      "license": "Apache-2.0",
      "engines": {
        "node": ">=22.13.0 || >=24"
      },
      "optionalDependencies": {
        "@napi-rs/canvas": "^1.0.0"
      }
    },
    "node_modules/playwright-core": {
      "version": "1.63.0",
      "resolved": "https://registry.npmjs.org/playwright-core/-/playwright-core-1.63.0.tgz",
      "integrity": "sha512-rYCsBF/M5HjUch52bbtVONEFjv6Xu8sm8h72dNlR5bzIE1fvC/bxgspzkjSfU+MweEMmPM8KJebG6nnyxo5mCg==",
      "dev": true,
      "license": "Apache-2.0",
      "bin": {
        "playwright-core": "cli.js"
      },
      "engines": {
        "node": ">=20"
      }
    },
    "node_modules/process-nextick-args": {
      "version": "2.0.1",
      "resolved": "https://registry.npmjs.org/process-nextick-args/-/process-nextick-args-2.0.1.tgz",
      "integrity": "sha512-3ouUOpQhtgrbOa17J7+uxOTpITYWaGP7/AhoR3+A+/1e9skrzelGi/dXzEYyvbxubEF6Wn2ypscTKiKJFFn1ag==",
      "dev": true,
      "license": "MIT"
    },
    "node_modules/readable-stream": {
      "version": "2.3.8",
      "resolved": "https://registry.npmjs.org/readable-stream/-/readable-stream-2.3.8.tgz",
      "integrity": "sha512-8p0AUk4XODgIewSi0l8Epjs+EVnWiK7NoDIEGU0HhE7+ZyY8D1IMY7odu5lRrFXGg71L15KG8QrPmum45RTtdA==",
      "dev": true,
      "license": "MIT",
      "dependencies": {
        "core-util-is": "~1.0.0",
        "inherits": "~2.0.3",
        "isarray": "~1.0.0",
        "process-nextick-args": "~2.0.0",
        "safe-buffer": "~5.1.1",
        "string_decoder": "~1.1.1",
        "util-deprecate": "~1.0.1"
      }
    },
    "node_modules/safe-buffer": {
      "version": "5.1.2",
      "resolved": "https://registry.npmjs.org/safe-buffer/-/safe-buffer-5.1.2.tgz",
      "integrity": "sha512-Gd2UZBJDkXlY7GbJxfsE8/nvKkUEU1G38c1siN6QP6a9PT9MmHB8GnpscSmMJSoF8LOIrt8ud/wPtojys4G6+g==",
      "dev": true,
      "license": "MIT"
    },
    "node_modules/setimmediate": {
      "version": "1.0.5",
      "resolved": "https://registry.npmjs.org/setimmediate/-/setimmediate-1.0.5.tgz",
      "integrity": "sha512-MATJdZp8sLqDl/68LfQmbP8zKPLQNV6BIZoIgrscFDQ+RsvK/BxeDQOgyxKKoh0y/8h3BqVFnCqQ/gd+reiIXA==",
      "dev": true,
      "license": "MIT"
    },
    "node_modules/sprintf-js": {
      "version": "1.0.3",
      "resolved": "https://registry.npmjs.org/sprintf-js/-/sprintf-js-1.0.3.tgz",
      "integrity": "sha512-D9cPgkvLlV3t3IzL0D0YLvGA9Ahk4PcvVwUbN0dSGr1aP0Nrt4AEnTUbuGvquEC0mA64Gqt1fzirlRs5ibXx8g==",
      "dev": true,
      "license": "BSD-3-Clause"
    },
    "node_modules/string_decoder": {
      "version": "1.1.1",
      "resolved": "https://registry.npmjs.org/string_decoder/-/string_decoder-1.1.1.tgz",
      "integrity": "sha512-n/ShnvDi6FHbbVfviro+WojiFzv+s8MPMHBczVePfUpDJLwoLT0ht1l4YwBCbi8pJAveEEdnkHyPyTP/mzRfwg==",
      "dev": true,
      "license": "MIT",
      "dependencies": {
        "safe-buffer": "~5.1.0"
      }
    },
    "node_modules/underscore": {
      "version": "1.13.8",
      "resolved": "https://registry.npmjs.org/underscore/-/underscore-1.13.8.tgz",
      "integrity": "sha512-DXtD3ZtEQzc7M8m4cXotyHR+FAS18C64asBYY5vqZexfYryNNnDc02W4hKg3rdQuqOYas1jkseX0+nZXjTXnvQ==",
      "dev": true,
      "license": "MIT"
    },
    "node_modules/util-deprecate": {
      "version": "1.0.2",
      "resolved": "https://registry.npmjs.org/util-deprecate/-/util-deprecate-1.0.2.tgz",
      "integrity": "sha512-EPD5q1uXyFxJpCrLnCc1nHnq3gOa6DZBocAIiI2TaSCA7VCJ1UJDMagCzIkXNsUYfD1daK//LTEQ8xiIbrHtcw==",
      "dev": true,
      "license": "MIT"
    },
    "node_modules/xmlbuilder": {
      "version": "10.1.1",
      "resolved": "https://registry.npmjs.org/xmlbuilder/-/xmlbuilder-10.1.1.tgz",
      "integrity": "sha512-OyzrcFLL/nb6fMGHbiRDuPup9ljBycsdCypwuyg5AAHvyWzGfChJpCXMG88AGTIMFhGZ9RccFN1e6lhg3hkwKg==",
      "dev": true,
      "license": "MIT",
      "engines": {
        "node": ">=4.0"
      }
    }
  }
}
